
Microsoft Visual Studio Solution File, Format Version 12.00
# Visual Studio 15
VisualStudioVersion = 15.0.28307.136
MinimumVisualStudioVersion = 10.0.40219.1
Project("{FAE04EC0-301F-11D3-BF4B-00C04F79EFBC}") = "Logger", "Logger\Logger.csproj", "{212E92D5-0E58-484F-B80C-FD5B5F17D39A}"
EndProject
Global
	GlobalSection(SolutionConfigurationPlatforms) = preSolution
		Debug|Any CPU = Debug|Any CPU
		Release|Any CPU = Release|Any CPU
	EndGlobalSection
	GlobalSection(ProjectConfigurationPlatforms) = postSolution
		{212E92D5-0E58-484F-B80C-FD5B5F17D39A}.Debug|Any CPU.ActiveCfg = Debug|Any CPU
		{212E92D5-0E58-484F-B80C-FD5B5F17D39A}.Debug|Any CPU.Build.0 = Debug|Any CPU
		{212E92D5-0E58-484F-B80C-FD5B5F17D39A}.Release|Any CPU.ActiveCfg = Release|Any CPU
		{212E92D5-0E58-484F-B80C-FD5B5F17D39A}.Release|Any CPU.Build.0 = Release|Any CPU
	EndGlobalSection
	GlobalSection(SolutionProperties) = preSolution
		HideSolutionNode = FALSE
	EndGlobalSection
	GlobalSection(ExtensibilityGlobals) = postSolution
		SolutionGuid = {9F6386A2-FFAA-493C-AF8C-C101F17BF4F9}
	EndGlobalSection
EndGlobal
